
Microsoft Visual Studio Solution File, Format Version 12.00
# Visual Studio Version 17
VisualStudioVersion = 17.9.34723.18
MinimumVisualStudioVersion = 10.0.40219.1
Project("{2150E333-8FDC-42A3-9474-1A3956D46DE8}") = "1. Domain Layer", "1. Domain Layer", "{F6877CA9-2D2E-4D5E-9892-6F60B9FB3E2B}"
EndProject
Project("{2150E333-8FDC-42A3-9474-1A3956D46DE8}") = "2. Infrastructure Layer", "2. Infrastructure Layer", "{81A252FE-89D6-4BB9-A620-F7E51F3F9363}"
EndProject
Project("{2150E333-8FDC-42A3-9474-1A3956D46DE8}") = "3. Application Layer", "3. Application Layer", "{35FDD828-525E-4587-A59D-A2F8813DF056}"
EndProject
Project("{2150E333-8FDC-42A3-9474-1A3956D46DE8}") = "4. Presentacion Layer", "4. Presentacion Layer", "{79CA3051-3357-4709-BF7C-65737D57F6F5}"
EndProject
Project("{FAE04EC0-301F-11D3-BF4B-00C04F79EFBC}") = "LINQ.WebAPI", "LINQ.WebAPI\LINQ.WebAPI.csproj", "{724C3C5B-C76C-4108-9759-6CA79D219128}"
EndProject
Global
	GlobalSection(SolutionConfigurationPlatforms) = preSolution
		Debug|Any CPU = Debug|Any CPU
		Release|Any CPU = Release|Any CPU
	EndGlobalSection
	GlobalSection(ProjectConfigurationPlatforms) = postSolution
		{724C3C5B-C76C-4108-9759-6CA79D219128}.Debug|Any CPU.ActiveCfg = Debug|Any CPU
		{724C3C5B-C76C-4108-9759-6CA79D219128}.Debug|Any CPU.Build.0 = Debug|Any CPU
		{724C3C5B-C76C-4108-9759-6CA79D219128}.Release|Any CPU.ActiveCfg = Release|Any CPU
		{724C3C5B-C76C-4108-9759-6CA79D219128}.Release|Any CPU.Build.0 = Release|Any CPU
	EndGlobalSection
	GlobalSection(SolutionProperties) = preSolution
		HideSolutionNode = FALSE
	EndGlobalSection
	GlobalSection(NestedProjects) = preSolution
		{724C3C5B-C76C-4108-9759-6CA79D219128} = {79CA3051-3357-4709-BF7C-65737D57F6F5}
	EndGlobalSection
	GlobalSection(ExtensibilityGlobals) = postSolution
		SolutionGuid = {6B7502BF-26D0-451F-BEFC-8A1F3E8F86B5}
	EndGlobalSection
EndGlobal
